// !$*UTF8*$!
{
	archiveVersion = 1;
	classes = {
	};
	objectVersion = 46;
	objects = {

/* Begin PBXBuildFile section */
		FF55524E1D079A88009D0538 /* main.m in Sources */ = {isa = PBXBuildFile; fileRef = FF55524D1D079A88009D0538 /* main.m */; };
		FF5552511D079A88009D0538 /* AppDelegate.m in Sources */ = {isa = PBXBuildFile; fileRef = FF5552501D079A88009D0538 /* AppDelegate.m */; };
		FF5552541D079A88009D0538 /* ViewController.m in Sources */ = {isa = PBXBuildFile; fileRef = FF5552531D079A88009D0538 /* ViewController.m */; };
		FF5552571D079A88009D0538 /* Main.storyboard in Resources */ = {isa = PBXBuildFile; fileRef = FF5552551D079A88009D0538 /* Main.storyboard */; };
		FF5552591D079A88009D0538 /* Assets.xcassets in Resources */ = {isa = PBXBuildFile; fileRef = FF5552581D079A88009D0538 /* Assets.xcassets */; };
		FF55525C1D079A88009D0538 /* LaunchScreen.storyboard in Resources */ = {isa = PBXBuildFile; fileRef = FF55525A1D079A88009D0538 /* LaunchScreen.storyboard */; };
/* End PBXBuildFile section */

/* Begin PBXFileReference section */
		FF5552491D079A88009D0538 /* PalindromeFinder.app */ = {isa = PBXFileReference; explicitFileType = wrapper.application; includeInIndex = 0; path = PalindromeFinder.app; sourceTree = BUILT_PRODUCTS_DIR; };
		FF55524D1D079A88009D0538 /* main.m */ = {isa = PBXFileReference; lastKnownFileType = sourcecode.c.objc; path = main.m; sourceTree = "<group>"; };
		FF55524F1D079A88009D0538 /* AppDelegate.h */ = {isa = PBXFileReference; lastKnownFileType = sourcecode.c.h; path = AppDelegate.h; sourceTree = "<group>"; };
		FF5552501D079A88009D0538 /* AppDelegate.m */ = {isa = PBXFileReference; lastKnownFileType = sourcecode.c.objc; path = AppDelegate.m; sourceTree = "<group>"; };
		FF5552521D079A88009D0538 /* ViewController.h */ = {isa = PBXFileReference; lastKnownFileType = sourcecode.c.h; path = ViewController.h; sourceTree = "<group>"; };
		FF5552531D079A88009D0538 /* ViewController.m */ = {isa = PBXFileReference; lastKnownFileType = sourcecode.c.objc; path = ViewController.m; sourceTree = "<group>"; };
		FF5552561D079A88009D0538 /* Base */ = {isa = PBXFileReference; lastKnownFileType = file.storyboard; name = Base; path = Base.lproj/Main.storyboard; sourceTree = "<group>"; };
		FF5552581D079A88009D0538 /* Assets.xcassets */ = {isa = PBXFileReference; lastKnownFileType = folder.assetcatalog; path = Assets.xcassets; sourceTree = "<group>"; };
		FF55525B1D079A88009D0538 /* Base */ = {isa = PBXFileReference; lastKnownFileType = file.storyboard; name = Base; path = Base.lproj/LaunchScreen.storyboard; sourceTree = "<group>"; };
		FF55525D1D079A88009D0538 /* Info.plist */ = {isa = PBXFileReference; lastKnownFileType = text.plist.xml; path = Info.plist; sourceTree = "<group>"; };
/* End PBXFileReference section */

/* Begin PBXFrameworksBuildPhase section */
		FF5552461D079A88009D0538 /* Frameworks */ = {
			isa = PBXFrameworksBuildPhase;
			buildActionMask = 2147483647;
			files = (
			);
			runOnlyForDeploymentPostprocessing = 0;
		};
/* End PBXFrameworksBuildPhase section */

/* Begin PBXGroup section */
		FF5552401D079A87009D0538 = {
			isa = PBXGroup;
			children = (
				FF55524B1D079A88009D0538 /* PalindromeFinder */,
				FF55524A1D079A88009D0538 /* Products */,
			);
			sourceTree = "<group>";
		};
		FF55524A1D079A88009D0538 /* Products */ = {
			isa = PBXGroup;
			children = (
				FF5552491D079A88009D0538 /* PalindromeFinder.app */,
			);
			name = Products;
			sourceTree = "<group>";
		};
		FF55524B1D079A88009D0538 /* PalindromeFinder */ = {
			isa = PBXGroup;
			children = (
				FF55524F1D079A88009D0538 /* AppDelegate.h */,
				FF5552501D079A88009D0538 /* AppDelegate.m */,
				FF5552521D079A88009D0538 /* ViewController.h */,
				FF5552531D079A88009D0538 /* ViewController.m */,
				FF5552551D079A88009D0538 /* Main.storyboard */,
				FF5552581D079A88009D0538 /* Assets.xcassets */,
				FF55525A1D079A88009D0538 /* LaunchScreen.storyboard */,
				FF55525D1D079A88009D0538 /* Info.plist */,
				FF55524C1D079A88009D0538 /* Supporting Files */,
			);
			path = PalindromeFinder;
			sourceTree = "<group>";
		};
		FF55524C1D079A88009D0538 /* Supporting Files */ = {
			isa = PBXGroup;
			children = (
				FF55524D1D079A88009D0538 /* main.m */,
			);
			name = "Supporting Files";
			sourceTree = "<group>";
		};
/* End PBXGroup section */

/* Begin PBXNativeTarget section */
		FF5552481D079A88009D0538 /* PalindromeFinder */ = {
			isa = PBXNativeTarget;
			buildConfigurationList = FF5552601D079A88009D0538 /* Build configuration list for PBXNativeTarget "PalindromeFinder" */;
			buildPhases = (
				FF5552451D079A88009D0538 /* Sources */,
				FF5552461D079A88009D0538 /* Frameworks */,
				FF5552471D079A88009D0538 /* Resources */,
			);
			buildRules = (
			);
			dependencies = (
			);
			name = PalindromeFinder;
			productName = PalindromeFinder;
			productReference = FF5552491D079A88009D0538 /* PalindromeFinder.app */;
			productType = "com.apple.product-type.application";
		};
/* End PBXNativeTarget section */

/* Begin PBXProject section */
		FF5552411D079A87009D0538 /* Project object */ = {
			isa = PBXProject;
			attributes = {
				LastUpgradeCheck = 0730;
				ORGANIZATIONNAME = "David Park";
				TargetAttributes = {
					FF5552481D079A88009D0538 = {
						CreatedOnToolsVersion = 7.3.1;
						DevelopmentTeam = C7U2ZE2237;
					};
				};
			};
			buildConfigurationList = FF5552441D079A87009D0538 /* Build configuration list for PBXProject "PalindromeFinder" */;
			compatibilityVersion = "Xcode 3.2";
			developmentRegion = English;
			hasScannedForEncodings = 0;
			knownRegions = (
				en,
				Base,
			);
			mainGroup = FF5552401D079A87009D0538;
			productRefGroup = FF55524A1D079A88009D0538 /* Products */;
			projectDirPath = "";
			projectRoot = "";
			targets = (
				FF5552481D079A88009D0538 /* PalindromeFinder */,
			);
		};
/* End PBXProject section */

/* Begin PBXResourcesBuildPhase section */
		FF5552471D079A88009D0538 /* Resources */ = {
			isa = PBXResourcesBuildPhase;
			buildActionMask = 2147483647;
			files = (
				FF55525C1D079A88009D0538 /* LaunchScreen.storyboard in Resources */,
				FF5552591D079A88009D0538 /* Assets.xcassets in Resources */,
				FF5552571D079A88009D0538 /* Main.storyboard in Resources */,
			);
			runOnlyForDeploymentPostprocessing = 0;
		};
/* End PBXResourcesBuildPhase section */

/* Begin PBXSourcesBuildPhase section */
		FF5552451D079A88009D0538 /* Sources */ = {
			isa = PBXSourcesBuildPhase;
			buildActionMask = 2147483647;
			files = (
				FF5552541D079A88009D0538 /* ViewController.m in Sources */,
				FF5552511D079A88009D0538 /* AppDelegate.m in Sources */,
				FF55524E1D079A88009D0538 /* main.m in Sources */,
			);
			runOnlyForDeploymentPostprocessing = 0;
		};
/* End PBXSourcesBuildPhase section */

/* Begin PBXVariantGroup section */
		FF5552551D079A88009D0538 /* Main.storyboard */ = {
			isa = PBXVariantGroup;
			children = (
				FF5552561D079A88009D0538 /* Base */,
			);
			name = Main.storyboard;
			sourceTree = "<group>";
		};
		FF55525A1D079A88009D0538 /* LaunchScreen.storyboard */ = {
			isa = PBXVariantGroup;
			children = (
				FF55525B1D079A88009D0538 /* Base */,
			);
			name = LaunchScreen.storyboard;
			sourceTree = "<group>";
		};
/* End PBXVariantGroup section */

/* Begin XCBuildConfiguration section */
		FF55525E1D079A88009D0538 /* Debug */ = {
			isa = XCBuildConfiguration;
			buildSettings = {
				ALWAYS_SEARCH_USER_PATHS = NO;
				CLANG_ANALYZER_NONNULL = YES;
				CLANG_CXX_LANGUAGE_STANDARD = "gnu++0x";
				CLANG_CXX_LIBRARY = "libc++";
				CLANG_ENABLE_MODULES = YES;
				CLANG_ENABLE_OBJC_ARC = YES;
				CLANG_WARN_BOOL_CONVERSION = YES;
				CLANG_WARN_CONSTANT_CONVERSION = YES;
				CLANG_WARN_DIRECT_OBJC_ISA_USAGE = YES_ERROR;
				CLANG_WARN_EMPTY_BODY = YES;
				CLANG_WARN_ENUM_CONVERSION = YES;
				CLANG_WARN_INT_CONVERSION = YES;
				CLANG_WARN_OBJC_ROOT_CLASS = YES_ERROR;
				CLANG_WARN_UNREACHABLE_CODE = YES;
				CLANG_WARN__DUPLICATE_METHOD_MATCH = YES;
				"CODE_SIGN_IDENTITY[sdk=iphoneos*]" = "iPhone Developer";
				COPY_PHASE_STRIP = NO;
				DEBUG_INFORMATION_FORMAT = dwarf;
				ENABLE_STRICT_OBJC_MSGSEND = YES;
				ENABLE_TESTABILITY = YES;
				GCC_C_LANGUAGE_STANDARD = gnu99;
				GCC_DYNAMIC_NO_PIC = NO;
				GCC_NO_COMMON_BLOCKS = YES;
				GCC_OPTIMIZATION_LEVEL = 0;
				GCC_PREPROCESSOR_DEFINITIONS = (
					"DEBUG=1",
					"$(inherited)",
				);
				GCC_WARN_64_TO_32_BIT_CONVERSION = YES;
				GCC_WARN_ABOUT_RETURN_TYPE = YES_ERROR;
				GCC_WARN_UNDECLARED_SELECTOR = YES;
				GCC_WARN_UNINITIALIZED_AUTOS = YES_AGGRESSIVE;
				GCC_WARN_UNUSED_FUNCTION = YES;
				GCC_WARN_UNUSED_VARIABLE = YES;
				IPHONEOS_DEPLOYMENT_TARGET = 9.3;
				MTL_ENABLE_DEBUG_INFO = YES;
				ONLY_ACTIVE_ARCH = YES;
				SDKROOT = iphoneos;
			};
			name = Debug;
		};
		FF55525F1D079A88009D0538 /* Release */ = {
			isa = XCBuildConfiguration;
			buildSettings = {
				ALWAYS_SEARCH_USER_PATHS = NO;
				CLANG_ANALYZER_NONNULL = YES;
				CLANG_CXX_LANGUAGE_STANDARD = "gnu++0x";
				CLANG_CXX_LIBRARY = "libc++";
				CLANG_ENABLE_MODULES = YES;
				CLANG_ENABLE_OBJC_ARC = YES;
				CLANG_WARN_BOOL_CONVERSION = YES;
				CLANG_WARN_CONSTANT_CONVERSION = YES;
				CLANG_WARN_DIRECT_OBJC_ISA_USAGE = YES_ERROR;
				CLANG_WARN_EMPTY_BODY = YES;
				CLANG_WARN_ENUM_CONVERSION = YES;
				CLANG_WARN_INT_CONVERSION = YES;
				CLANG_WARN_OBJC_ROOT_CLASS = YES_ERROR;
				CLANG_WARN_UNREACHABLE_CODE = YES;
				CLANG_WARN__DUPLICATE_METHOD_MATCH = YES;
				"CODE_SIGN_IDENTITY[sdk=iphoneos*]" = "iPhone Developer";
				COPY_PHASE_STRIP = NO;
				DEBUG_INFORMATION_FORMAT = "dwarf-with-dsym";
				ENABLE_NS_ASSERTIONS = NO;
				ENABLE_STRICT_OBJC_MSGSEND = YES;
				GCC_C_LANGUAGE_STANDARD = gnu99;
				GCC_NO_COMMON_BLOCKS = YES;
				GCC_WARN_64_TO_32_BIT_CONVERSION = YES;
				GCC_WARN_ABOUT_RETURN_TYPE = YES_ERROR;
				GCC_WARN_UNDECLARED_SELECTOR = YES;
				GCC_WARN_UNINITIALIZED_AUTOS = YES_AGGRESSIVE;
				GCC_WARN_UNUSED_FUNCTION = YES;
				GCC_WARN_UNUSED_VARIABLE = YES;
				IPHONEOS_DEPLOYMENT_TARGET = 9.3;
				MTL_ENABLE_DEBUG_INFO = NO;
				SDKROOT = iphoneos;
				VALIDATE_PRODUCT = YES;
			};
			name = Release;
		};
		FF5552611D079A88009D0538 /* Debug */ = {
			isa = XCBuildConfiguration;
			buildSettings = {
				ASSETCATALOG_COMPILER_APPICON_NAME = AppIcon;
				INFOPLIST_FILE = PalindromeFinder/Info.plist;
				LD_RUNPATH_SEARCH_PATHS = "$(inherited) @executable_path/Frameworks";
				PRODUCT_BUNDLE_IDENTIFIER = DavidVY.PalindromeFinder;
				PRODUCT_NAME = "$(TARGET_NAME)";
			};
			name = Debug;
		};
		FF5552621D079A88009D0538 /* Release */ = {
			isa = XCBuildConfiguration;
			buildSettings = {
				ASSETCATALOG_COMPILER_APPICON_NAME = AppIcon;
				INFOPLIST_FILE = PalindromeFinder/Info.plist;
				LD_RUNPATH_SEARCH_PATHS = "$(inherited) @executable_path/Frameworks";
				PRODUCT_BUNDLE_IDENTIFIER = DavidVY.PalindromeFinder;
				PRODUCT_NAME = "$(TARGET_NAME)";
			};
			name = Release;
		};
/* End XCBuildConfiguration section */

/* Begin XCConfigurationList section */
		FF5552441D079A87009D0538 /* Build configuration list for PBXProject "PalindromeFinder" */ = {
			isa = XCConfigurationList;
			buildConfigurations = (
				FF55525E1D079A88009D0538 /* Debug */,
				FF55525F1D079A88009D0538 /* Release */,
			);
			defaultConfigurationIsVisible = 0;
			defaultConfigurationName = Release;
		};
		FF5552601D079A88009D0538 /* Build configuration list for PBXNativeTarget "PalindromeFinder" */ = {
			isa = XCConfigurationList;
			buildConfigurations = (
				FF5552611D079A88009D0538 /* Debug */,
				FF5552621D079A88009D0538 /* Release */,
			);
			defaultConfigurationIsVisible = 0;
		};
/* End XCConfigurationList section */
	};
	rootObject = FF5552411D079A87009D0538 /* Project object */;
}
